
Microsoft Visual Studio Solution File, Format Version 12.00
# Visual Studio 15
VisualStudioVersion = 15.0.28010.2016
MinimumVisualStudioVersion = 10.0.40219.1
Project("{FAE04EC0-301F-11D3-BF4B-00C04F79EFBC}") = "BTHso5_masterPage", "BTHso5_masterPage\BTHso5_masterPage.csproj", "{91F4C33E-B8B1-4913-BEAD-FE8B11CB19B9}"
EndProject
Global
	GlobalSection(SolutionConfigurationPlatforms) = preSolution
		Debug|Any CPU = Debug|Any CPU
		Release|Any CPU = Release|Any CPU
	EndGlobalSection
	GlobalSection(ProjectConfigurationPlatforms) = postSolution
		{91F4C33E-B8B1-4913-BEAD-FE8B11CB19B9}.Debug|Any CPU.ActiveCfg = Debug|Any CPU
		{91F4C33E-B8B1-4913-BEAD-FE8B11CB19B9}.Debug|Any CPU.Build.0 = Debug|Any CPU
		{91F4C33E-B8B1-4913-BEAD-FE8B11CB19B9}.Release|Any CPU.ActiveCfg = Release|Any CPU
		{91F4C33E-B8B1-4913-BEAD-FE8B11CB19B9}.Release|Any CPU.Build.0 = Release|Any CPU
	EndGlobalSection
	GlobalSection(SolutionProperties) = preSolution
		HideSolutionNode = FALSE
	EndGlobalSection
	GlobalSection(ExtensibilityGlobals) = postSolution
		SolutionGuid = {51FD2E77-0EF1-4D20-A78B-A56B1621E437}
	EndGlobalSection
EndGlobal
