
Microsoft Visual Studio Solution File, Format Version 12.00
# Visual Studio 15
VisualStudioVersion = 15.0.28010.2016
MinimumVisualStudioVersion = 10.0.40219.1
Project("{FAE04EC0-301F-11D3-BF4B-00C04F79EFBC}") = "Bai3_1621050249", "Bai3_1621050249\Bai3_1621050249.csproj", "{6790C1FB-177D-4EFF-804B-560470A153A3}"
EndProject
Global
	GlobalSection(SolutionConfigurationPlatforms) = preSolution
		Debug|Any CPU = Debug|Any CPU
		Release|Any CPU = Release|Any CPU
	EndGlobalSection
	GlobalSection(ProjectConfigurationPlatforms) = postSolution
		{6790C1FB-177D-4EFF-804B-560470A153A3}.Debug|Any CPU.ActiveCfg = Debug|Any CPU
		{6790C1FB-177D-4EFF-804B-560470A153A3}.Debug|Any CPU.Build.0 = Debug|Any CPU
		{6790C1FB-177D-4EFF-804B-560470A153A3}.Release|Any CPU.ActiveCfg = Release|Any CPU
		{6790C1FB-177D-4EFF-804B-560470A153A3}.Release|Any CPU.Build.0 = Release|Any CPU
	EndGlobalSection
	GlobalSection(SolutionProperties) = preSolution
		HideSolutionNode = FALSE
	EndGlobalSection
	GlobalSection(ExtensibilityGlobals) = postSolution
		SolutionGuid = {F2D9C910-5D76-468D-8778-56FDFC45DFB0}
	EndGlobalSection
EndGlobal
